
Microsoft Visual Studio Solution File, Format Version 12.00
# Visual Studio 14
VisualStudioVersion = 14.0.25420.1
MinimumVisualStudioVersion = 10.0.40219.1
Project("{FAE04EC0-301F-11D3-BF4B-00C04F79EFBC}") = "Logic", "Logic\Logic.csproj", "{F64ABA17-B81A-4549-AB09-E95268BE4BE4}"
EndProject
Project("{FAE04EC0-301F-11D3-BF4B-00C04F79EFBC}") = "Model", "Model\Model.csproj", "{81B1648A-E4E0-4A56-A4D9-60510EC5D97B}"
EndProject
Project("{FAE04EC0-301F-11D3-BF4B-00C04F79EFBC}") = "Test", "Test\Test.csproj", "{D8468599-C8C6-4015-890C-9833A9E1533F}"
EndProject
Project("{FAE04EC0-301F-11D3-BF4B-00C04F79EFBC}") = "Chess", "Chess\Chess.csproj", "{CC6FA238-7D9C-4A88-999C-5A3D036E503D}"
EndProject
Global
	GlobalSection(SolutionConfigurationPlatforms) = preSolution
		Debug|Any CPU = Debug|Any CPU
		Release|Any CPU = Release|Any CPU
	EndGlobalSection
	GlobalSection(ProjectConfigurationPlatforms) = postSolution
		{F64ABA17-B81A-4549-AB09-E95268BE4BE4}.Debug|Any CPU.ActiveCfg = Debug|Any CPU
		{F64ABA17-B81A-4549-AB09-E95268BE4BE4}.Debug|Any CPU.Build.0 = Debug|Any CPU
		{F64ABA17-B81A-4549-AB09-E95268BE4BE4}.Release|Any CPU.ActiveCfg = Release|Any CPU
		{F64ABA17-B81A-4549-AB09-E95268BE4BE4}.Release|Any CPU.Build.0 = Release|Any CPU
		{81B1648A-E4E0-4A56-A4D9-60510EC5D97B}.Debug|Any CPU.ActiveCfg = Debug|Any CPU
		{81B1648A-E4E0-4A56-A4D9-60510EC5D97B}.Debug|Any CPU.Build.0 = Debug|Any CPU
		{81B1648A-E4E0-4A56-A4D9-60510EC5D97B}.Release|Any CPU.ActiveCfg = Release|Any CPU
		{81B1648A-E4E0-4A56-A4D9-60510EC5D97B}.Release|Any CPU.Build.0 = Release|Any CPU
		{D8468599-C8C6-4015-890C-9833A9E1533F}.Debug|Any CPU.ActiveCfg = Debug|Any CPU
		{D8468599-C8C6-4015-890C-9833A9E1533F}.Debug|Any CPU.Build.0 = Debug|Any CPU
		{D8468599-C8C6-4015-890C-9833A9E1533F}.Release|Any CPU.ActiveCfg = Release|Any CPU
		{D8468599-C8C6-4015-890C-9833A9E1533F}.Release|Any CPU.Build.0 = Release|Any CPU
		{CC6FA238-7D9C-4A88-999C-5A3D036E503D}.Debug|Any CPU.ActiveCfg = Debug|Any CPU
		{CC6FA238-7D9C-4A88-999C-5A3D036E503D}.Debug|Any CPU.Build.0 = Debug|Any CPU
		{CC6FA238-7D9C-4A88-999C-5A3D036E503D}.Release|Any CPU.ActiveCfg = Release|Any CPU
		{CC6FA238-7D9C-4A88-999C-5A3D036E503D}.Release|Any CPU.Build.0 = Release|Any CPU
	EndGlobalSection
	GlobalSection(SolutionProperties) = preSolution
		HideSolutionNode = FALSE
	EndGlobalSection
EndGlobal
